{
  "name": "calcTest",
  "lockfileVersion": 2,
  "requires": true,
  "packages": {
    "": {
      "dependencies": {
        "underscore": "^1.13.6",
        "zyam-calc": "^2.0.0"
      }
    },
    "node_modules/underscore": {
      "version": "1.13.6",
      "resolved": "https://registry.npmjs.org/underscore/-/underscore-1.13.6.tgz",
      "integrity": "sha512-+A5Sja4HP1M08MaXya7p5LvjuM7K6q/2EaC0+iovj/wOcMsTzMvDFbasi/oSapiwOlt252IqsKqPjCl7huKS0A=="
    },
    "node_modules/zyam-calc": {
      "version": "2.0.0",
      "resolved": "https://registry.npmjs.org/zyam-calc/-/zyam-calc-2.0.0.tgz",
      "integrity": "sha512-CSOdAnjsHZ7Oh83KdlmK31xFB0QYuBs0/m9Cc1Y6UTKOejyt6synGB31boepaHRdoQFVFItKrwtf2WkoqdhFgA=="
    }
  },
  "dependencies": {
    "underscore": {
      "version": "1.13.6",
      "resolved": "https://registry.npmjs.org/underscore/-/underscore-1.13.6.tgz",
      "integrity": "sha512-+A5Sja4HP1M08MaXya7p5LvjuM7K6q/2EaC0+iovj/wOcMsTzMvDFbasi/oSapiwOlt252IqsKqPjCl7huKS0A=="
    },
    "zyam-calc": {
      "version": "2.0.0",
      "resolved": "https://registry.npmjs.org/zyam-calc/-/zyam-calc-2.0.0.tgz",
      "integrity": "sha512-CSOdAnjsHZ7Oh83KdlmK31xFB0QYuBs0/m9Cc1Y6UTKOejyt6synGB31boepaHRdoQFVFItKrwtf2WkoqdhFgA=="
    }
  }
}
